
Microsoft Visual Studio Solution File, Format Version 12.00
# Visual Studio Version 17
VisualStudioVersion = 17.6.33801.468
MinimumVisualStudioVersion = 10.0.40219.1
Project("{9A19103F-16F7-4668-BE54-9A1E7A4F7556}") = "shariaty-course", "shariaty-course\shariaty-course.csproj", "{BCCAC828-64E9-48DD-8DA9-8C13CB75F066}"
EndProject
Global
	GlobalSection(SolutionConfigurationPlatforms) = preSolution
		Debug|Any CPU = Debug|Any CPU
		Release|Any CPU = Release|Any CPU
	EndGlobalSection
	GlobalSection(ProjectConfigurationPlatforms) = postSolution
		{BCCAC828-64E9-48DD-8DA9-8C13CB75F066}.Debug|Any CPU.ActiveCfg = Debug|Any CPU
		{BCCAC828-64E9-48DD-8DA9-8C13CB75F066}.Debug|Any CPU.Build.0 = Debug|Any CPU
		{BCCAC828-64E9-48DD-8DA9-8C13CB75F066}.Release|Any CPU.ActiveCfg = Release|Any CPU
		{BCCAC828-64E9-48DD-8DA9-8C13CB75F066}.Release|Any CPU.Build.0 = Release|Any CPU
	EndGlobalSection
	GlobalSection(SolutionProperties) = preSolution
		HideSolutionNode = FALSE
	EndGlobalSection
	GlobalSection(ExtensibilityGlobals) = postSolution
		SolutionGuid = {0E018EAB-470D-4FE9-A756-CAA566FDF099}
	EndGlobalSection
EndGlobal
